// !$*UTF8*$!
{
	archiveVersion = 1;
	classes = {
	};
	objectVersion = 55;
	objects = {

/* Begin PBXBuildFile section */
		E723DB1C276E1CD100FBF3CB /* AppDelegate.swift in Sources */ = {isa = PBXBuildFile; fileRef = E723DB1B276E1CD100FBF3CB /* AppDelegate.swift */; };
		E723DB1E276E1CD100FBF3CB /* SceneDelegate.swift in Sources */ = {isa = PBXBuildFile; fileRef = E723DB1D276E1CD100FBF3CB /* SceneDelegate.swift */; };
		E723DB23276E1CD100FBF3CB /* Main.storyboard in Resources */ = {isa = PBXBuildFile; fileRef = E723DB21276E1CD100FBF3CB /* Main.storyboard */; };
		E723DB25276E1CD200FBF3CB /* Assets.xcassets in Resources */ = {isa = PBXBuildFile; fileRef = E723DB24276E1CD200FBF3CB /* Assets.xcassets */; };
		E723DB28276E1CD200FBF3CB /* LaunchScreen.storyboard in Resources */ = {isa = PBXBuildFile; fileRef = E723DB26276E1CD200FBF3CB /* LaunchScreen.storyboard */; };
		E723DB30276E1DE100FBF3CB /* FirstViewController.swift in Sources */ = {isa = PBXBuildFile; fileRef = E723DB2F276E1DE100FBF3CB /* FirstViewController.swift */; };
		E723DB32276E1E2E00FBF3CB /* SecondViewController.swift in Sources */ = {isa = PBXBuildFile; fileRef = E723DB31276E1E2E00FBF3CB /* SecondViewController.swift */; };
		E723DB34276E1E5F00FBF3CB /* ThirdViewController.swift in Sources */ = {isa = PBXBuildFile; fileRef = E723DB33276E1E5F00FBF3CB /* ThirdViewController.swift */; };
		E723DB36276E200500FBF3CB /* PageViewController.swift in Sources */ = {isa = PBXBuildFile; fileRef = E723DB35276E200500FBF3CB /* PageViewController.swift */; };
/* End PBXBuildFile section */

/* Begin PBXFileReference section */
		E723DB18276E1CD100FBF3CB /* UIPageViewController-Demo.app */ = {isa = PBXFileReference; explicitFileType = wrapper.application; includeInIndex = 0; path = "UIPageViewController-Demo.app"; sourceTree = BUILT_PRODUCTS_DIR; };
		E723DB1B276E1CD100FBF3CB /* AppDelegate.swift */ = {isa = PBXFileReference; lastKnownFileType = sourcecode.swift; path = AppDelegate.swift; sourceTree = "<group>"; };
		E723DB1D276E1CD100FBF3CB /* SceneDelegate.swift */ = {isa = PBXFileReference; lastKnownFileType = sourcecode.swift; path = SceneDelegate.swift; sourceTree = "<group>"; };
		E723DB22276E1CD100FBF3CB /* Base */ = {isa = PBXFileReference; lastKnownFileType = file.storyboard; name = Base; path = Base.lproj/Main.storyboard; sourceTree = "<group>"; };
		E723DB24276E1CD200FBF3CB /* Assets.xcassets */ = {isa = PBXFileReference; lastKnownFileType = folder.assetcatalog; path = Assets.xcassets; sourceTree = "<group>"; };
		E723DB27276E1CD200FBF3CB /* Base */ = {isa = PBXFileReference; lastKnownFileType = file.storyboard; name = Base; path = Base.lproj/LaunchScreen.storyboard; sourceTree = "<group>"; };
		E723DB29276E1CD200FBF3CB /* Info.plist */ = {isa = PBXFileReference; lastKnownFileType = text.plist.xml; path = Info.plist; sourceTree = "<group>"; };
		E723DB2F276E1DE100FBF3CB /* FirstViewController.swift */ = {isa = PBXFileReference; lastKnownFileType = sourcecode.swift; path = FirstViewController.swift; sourceTree = "<group>"; };
		E723DB31276E1E2E00FBF3CB /* SecondViewController.swift */ = {isa = PBXFileReference; lastKnownFileType = sourcecode.swift; path = SecondViewController.swift; sourceTree = "<group>"; };
		E723DB33276E1E5F00FBF3CB /* ThirdViewController.swift */ = {isa = PBXFileReference; lastKnownFileType = sourcecode.swift; path = ThirdViewController.swift; sourceTree = "<group>"; };
		E723DB35276E200500FBF3CB /* PageViewController.swift */ = {isa = PBXFileReference; lastKnownFileType = sourcecode.swift; path = PageViewController.swift; sourceTree = "<group>"; };
/* End PBXFileReference section */

/* Begin PBXFrameworksBuildPhase section */
		E723DB15276E1CD100FBF3CB /* Frameworks */ = {
			isa = PBXFrameworksBuildPhase;
			buildActionMask = 2147483647;
			files = (
			);
			runOnlyForDeploymentPostprocessing = 0;
		};
/* End PBXFrameworksBuildPhase section */

/* Begin PBXGroup section */
		E723DB0F276E1CD100FBF3CB = {
			isa = PBXGroup;
			children = (
				E723DB1A276E1CD100FBF3CB /* UIPageViewController-Demo */,
				E723DB19276E1CD100FBF3CB /* Products */,
			);
			sourceTree = "<group>";
		};
		E723DB19276E1CD100FBF3CB /* Products */ = {
			isa = PBXGroup;
			children = (
				E723DB18276E1CD100FBF3CB /* UIPageViewController-Demo.app */,
			);
			name = Products;
			sourceTree = "<group>";
		};
		E723DB1A276E1CD100FBF3CB /* UIPageViewController-Demo */ = {
			isa = PBXGroup;
			children = (
				E723DB1B276E1CD100FBF3CB /* AppDelegate.swift */,
				E723DB1D276E1CD100FBF3CB /* SceneDelegate.swift */,
				E723DB35276E200500FBF3CB /* PageViewController.swift */,
				E723DB2F276E1DE100FBF3CB /* FirstViewController.swift */,
				E723DB31276E1E2E00FBF3CB /* SecondViewController.swift */,
				E723DB33276E1E5F00FBF3CB /* ThirdViewController.swift */,
				E723DB21276E1CD100FBF3CB /* Main.storyboard */,
				E723DB24276E1CD200FBF3CB /* Assets.xcassets */,
				E723DB26276E1CD200FBF3CB /* LaunchScreen.storyboard */,
				E723DB29276E1CD200FBF3CB /* Info.plist */,
			);
			path = "UIPageViewController-Demo";
			sourceTree = "<group>";
		};
/* End PBXGroup section */

/* Begin PBXNativeTarget section */
		E723DB17276E1CD100FBF3CB /* UIPageViewController-Demo */ = {
			isa = PBXNativeTarget;
			buildConfigurationList = E723DB2C276E1CD200FBF3CB /* Build configuration list for PBXNativeTarget "UIPageViewController-Demo" */;
			buildPhases = (
				E723DB14276E1CD100FBF3CB /* Sources */,
				E723DB15276E1CD100FBF3CB /* Frameworks */,
				E723DB16276E1CD100FBF3CB /* Resources */,
			);
			buildRules = (
			);
			dependencies = (
			);
			name = "UIPageViewController-Demo";
			productName = "UIPageViewController-Demo";
			productReference = E723DB18276E1CD100FBF3CB /* UIPageViewController-Demo.app */;
			productType = "com.apple.product-type.application";
		};
/* End PBXNativeTarget section */

/* Begin PBXProject section */
		E723DB10276E1CD100FBF3CB /* Project object */ = {
			isa = PBXProject;
			attributes = {
				BuildIndependentTargetsInParallel = 1;
				LastSwiftUpdateCheck = 1320;
				LastUpgradeCheck = 1320;
				TargetAttributes = {
					E723DB17276E1CD100FBF3CB = {
						CreatedOnToolsVersion = 13.2;
					};
				};
			};
			buildConfigurationList = E723DB13276E1CD100FBF3CB /* Build configuration list for PBXProject "UIPageViewController-Demo" */;
			compatibilityVersion = "Xcode 13.0";
			developmentRegion = en;
			hasScannedForEncodings = 0;
			knownRegions = (
				en,
				Base,
			);
			mainGroup = E723DB0F276E1CD100FBF3CB;
			productRefGroup = E723DB19276E1CD100FBF3CB /* Products */;
			projectDirPath = "";
			projectRoot = "";
			targets = (
				E723DB17276E1CD100FBF3CB /* UIPageViewController-Demo */,
			);
		};
/* End PBXProject section */

/* Begin PBXResourcesBuildPhase section */
		E723DB16276E1CD100FBF3CB /* Resources */ = {
			isa = PBXResourcesBuildPhase;
			buildActionMask = 2147483647;
			files = (
				E723DB28276E1CD200FBF3CB /* LaunchScreen.storyboard in Resources */,
				E723DB25276E1CD200FBF3CB /* Assets.xcassets in Resources */,
				E723DB23276E1CD100FBF3CB /* Main.storyboard in Resources */,
			);
			runOnlyForDeploymentPostprocessing = 0;
		};
/* End PBXResourcesBuildPhase section */

/* Begin PBXSourcesBuildPhase section */
		E723DB14276E1CD100FBF3CB /* Sources */ = {
			isa = PBXSourcesBuildPhase;
			buildActionMask = 2147483647;
			files = (
				E723DB1C276E1CD100FBF3CB /* AppDelegate.swift in Sources */,
				E723DB1E276E1CD100FBF3CB /* SceneDelegate.swift in Sources */,
				E723DB32276E1E2E00FBF3CB /* SecondViewController.swift in Sources */,
				E723DB36276E200500FBF3CB /* PageViewController.swift in Sources */,
				E723DB34276E1E5F00FBF3CB /* ThirdViewController.swift in Sources */,
				E723DB30276E1DE100FBF3CB /* FirstViewController.swift in Sources */,
			);
			runOnlyForDeploymentPostprocessing = 0;
		};
/* End PBXSourcesBuildPhase section */

/* Begin PBXVariantGroup section */
		E723DB21276E1CD100FBF3CB /* Main.storyboard */ = {
			isa = PBXVariantGroup;
			children = (
				E723DB22276E1CD100FBF3CB /* Base */,
			);
			name = Main.storyboard;
			sourceTree = "<group>";
		};
		E723DB26276E1CD200FBF3CB /* LaunchScreen.storyboard */ = {
			isa = PBXVariantGroup;
			children = (
				E723DB27276E1CD200FBF3CB /* Base */,
			);
			name = LaunchScreen.storyboard;
			sourceTree = "<group>";
		};
/* End PBXVariantGroup section */

/* Begin XCBuildConfiguration section */
		E723DB2A276E1CD200FBF3CB /* Debug */ = {
			isa = XCBuildConfiguration;
			buildSettings = {
				ALWAYS_SEARCH_USER_PATHS = NO;
				CLANG_ANALYZER_NONNULL = YES;
				CLANG_ANALYZER_NUMBER_OBJECT_CONVERSION = YES_AGGRESSIVE;
				CLANG_CXX_LANGUAGE_STANDARD = "gnu++17";
				CLANG_CXX_LIBRARY = "libc++";
				CLANG_ENABLE_MODULES = YES;
				CLANG_ENABLE_OBJC_ARC = YES;
				CLANG_ENABLE_OBJC_WEAK = YES;
				CLANG_WARN_BLOCK_CAPTURE_AUTORELEASING = YES;
				CLANG_WARN_BOOL_CONVERSION = YES;
				CLANG_WARN_COMMA = YES;
				CLANG_WARN_CONSTANT_CONVERSION = YES;
				CLANG_WARN_DEPRECATED_OBJC_IMPLEMENTATIONS = YES;
				CLANG_WARN_DIRECT_OBJC_ISA_USAGE = YES_ERROR;
				CLANG_WARN_DOCUMENTATION_COMMENTS = YES;
				CLANG_WARN_EMPTY_BODY = YES;
				CLANG_WARN_ENUM_CONVERSION = YES;
				CLANG_WARN_INFINITE_RECURSION = YES;
				CLANG_WARN_INT_CONVERSION = YES;
				CLANG_WARN_NON_LITERAL_NULL_CONVERSION = YES;
				CLANG_WARN_OBJC_IMPLICIT_RETAIN_SELF = YES;
				CLANG_WARN_OBJC_LITERAL_CONVERSION = YES;
				CLANG_WARN_OBJC_ROOT_CLASS = YES_ERROR;
				CLANG_WARN_QUOTED_INCLUDE_IN_FRAMEWORK_HEADER = YES;
				CLANG_WARN_RANGE_LOOP_ANALYSIS = YES;
				CLANG_WARN_STRICT_PROTOTYPES = YES;
				CLANG_WARN_SUSPICIOUS_MOVE = YES;
				CLANG_WARN_UNGUARDED_AVAILABILITY = YES_AGGRESSIVE;
				CLANG_WARN_UNREACHABLE_CODE = YES;
				CLANG_WARN__DUPLICATE_METHOD_MATCH = YES;
				COPY_PHASE_STRIP = NO;
				DEBUG_INFORMATION_FORMAT = dwarf;
				ENABLE_STRICT_OBJC_MSGSEND = YES;
				ENABLE_TESTABILITY = YES;
				GCC_C_LANGUAGE_STANDARD = gnu11;
				GCC_DYNAMIC_NO_PIC = NO;
				GCC_NO_COMMON_BLOCKS = YES;
				GCC_OPTIMIZATION_LEVEL = 0;
				GCC_PREPROCESSOR_DEFINITIONS = (
					"DEBUG=1",
					"$(inherited)",
				);
				GCC_WARN_64_TO_32_BIT_CONVERSION = YES;
				GCC_WARN_ABOUT_RETURN_TYPE = YES_ERROR;
				GCC_WARN_UNDECLARED_SELECTOR = YES;
				GCC_WARN_UNINITIALIZED_AUTOS = YES_AGGRESSIVE;
				GCC_WARN_UNUSED_FUNCTION = YES;
				GCC_WARN_UNUSED_VARIABLE = YES;
				IPHONEOS_DEPLOYMENT_TARGET = 15.2;
				MTL_ENABLE_DEBUG_INFO = INCLUDE_SOURCE;
				MTL_FAST_MATH = YES;
				ONLY_ACTIVE_ARCH = YES;
				SDKROOT = iphoneos;
				SWIFT_ACTIVE_COMPILATION_CONDITIONS = DEBUG;
				SWIFT_OPTIMIZATION_LEVEL = "-Onone";
			};
			name = Debug;
		};
		E723DB2B276E1CD200FBF3CB /* Release */ = {
			isa = XCBuildConfiguration;
			buildSettings = {
				ALWAYS_SEARCH_USER_PATHS = NO;
				CLANG_ANALYZER_NONNULL = YES;
				CLANG_ANALYZER_NUMBER_OBJECT_CONVERSION = YES_AGGRESSIVE;
				CLANG_CXX_LANGUAGE_STANDARD = "gnu++17";
				CLANG_CXX_LIBRARY = "libc++";
				CLANG_ENABLE_MODULES = YES;
				CLANG_ENABLE_OBJC_ARC = YES;
				CLANG_ENABLE_OBJC_WEAK = YES;
				CLANG_WARN_BLOCK_CAPTURE_AUTORELEASING = YES;
				CLANG_WARN_BOOL_CONVERSION = YES;
				CLANG_WARN_COMMA = YES;
				CLANG_WARN_CONSTANT_CONVERSION = YES;
				CLANG_WARN_DEPRECATED_OBJC_IMPLEMENTATIONS = YES;
				CLANG_WARN_DIRECT_OBJC_ISA_USAGE = YES_ERROR;
				CLANG_WARN_DOCUMENTATION_COMMENTS = YES;
				CLANG_WARN_EMPTY_BODY = YES;
				CLANG_WARN_ENUM_CONVERSION = YES;
				CLANG_WARN_INFINITE_RECURSION = YES;
				CLANG_WARN_INT_CONVERSION = YES;
				CLANG_WARN_NON_LITERAL_NULL_CONVERSION = YES;
				CLANG_WARN_OBJC_IMPLICIT_RETAIN_SELF = YES;
				CLANG_WARN_OBJC_LITERAL_CONVERSION = YES;
				CLANG_WARN_OBJC_ROOT_CLASS = YES_ERROR;
				CLANG_WARN_QUOTED_INCLUDE_IN_FRAMEWORK_HEADER = YES;
				CLANG_WARN_RANGE_LOOP_ANALYSIS = YES;
				CLANG_WARN_STRICT_PROTOTYPES = YES;
				CLANG_WARN_SUSPICIOUS_MOVE = YES;
				CLANG_WARN_UNGUARDED_AVAILABILITY = YES_AGGRESSIVE;
				CLANG_WARN_UNREACHABLE_CODE = YES;
				CLANG_WARN__DUPLICATE_METHOD_MATCH = YES;
				COPY_PHASE_STRIP = NO;
				DEBUG_INFORMATION_FORMAT = "dwarf-with-dsym";
				ENABLE_NS_ASSERTIONS = NO;
				ENABLE_STRICT_OBJC_MSGSEND = YES;
				GCC_C_LANGUAGE_STANDARD = gnu11;
				GCC_NO_COMMON_BLOCKS = YES;
				GCC_WARN_64_TO_32_BIT_CONVERSION = YES;
				GCC_WARN_ABOUT_RETURN_TYPE = YES_ERROR;
				GCC_WARN_UNDECLARED_SELECTOR = YES;
				GCC_WARN_UNINITIALIZED_AUTOS = YES_AGGRESSIVE;
				GCC_WARN_UNUSED_FUNCTION = YES;
				GCC_WARN_UNUSED_VARIABLE = YES;
				IPHONEOS_DEPLOYMENT_TARGET = 15.2;
				MTL_ENABLE_DEBUG_INFO = NO;
				MTL_FAST_MATH = YES;
				SDKROOT = iphoneos;
				SWIFT_COMPILATION_MODE = wholemodule;
				SWIFT_OPTIMIZATION_LEVEL = "-O";
				VALIDATE_PRODUCT = YES;
			};
			name = Release;
		};
		E723DB2D276E1CD200FBF3CB /* Debug */ = {
			isa = XCBuildConfiguration;
			buildSettings = {
				ASSETCATALOG_COMPILER_APPICON_NAME = AppIcon;
				ASSETCATALOG_COMPILER_GLOBAL_ACCENT_COLOR_NAME = AccentColor;
				CODE_SIGN_STYLE = Automatic;
				CURRENT_PROJECT_VERSION = 1;
				GENERATE_INFOPLIST_FILE = YES;
				INFOPLIST_FILE = "UIPageViewController-Demo/Info.plist";
				INFOPLIST_KEY_UIApplicationSupportsIndirectInputEvents = YES;
				INFOPLIST_KEY_UILaunchStoryboardName = LaunchScreen;
				INFOPLIST_KEY_UIMainStoryboardFile = Main;
				INFOPLIST_KEY_UISupportedInterfaceOrientations_iPad = "UIInterfaceOrientationPortrait UIInterfaceOrientationPortraitUpsideDown UIInterfaceOrientationLandscapeLeft UIInterfaceOrientationLandscapeRight";
				INFOPLIST_KEY_UISupportedInterfaceOrientations_iPhone = "UIInterfaceOrientationPortrait UIInterfaceOrientationLandscapeLeft UIInterfaceOrientationLandscapeRight";
				LD_RUNPATH_SEARCH_PATHS = (
					"$(inherited)",
					"@executable_path/Frameworks",
				);
				MARKETING_VERSION = 1.0;
				PRODUCT_BUNDLE_IDENTIFIER = "com.ryutenu.UIPageViewController-Demo";
				PRODUCT_NAME = "$(TARGET_NAME)";
				SWIFT_EMIT_LOC_STRINGS = YES;
				SWIFT_VERSION = 5.0;
				TARGETED_DEVICE_FAMILY = "1,2";
			};
			name = Debug;
		};
		E723DB2E276E1CD200FBF3CB /* Release */ = {
			isa = XCBuildConfiguration;
			buildSettings = {
				ASSETCATALOG_COMPILER_APPICON_NAME = AppIcon;
				ASSETCATALOG_COMPILER_GLOBAL_ACCENT_COLOR_NAME = AccentColor;
				CODE_SIGN_STYLE = Automatic;
				CURRENT_PROJECT_VERSION = 1;
				GENERATE_INFOPLIST_FILE = YES;
				INFOPLIST_FILE = "UIPageViewController-Demo/Info.plist";
				INFOPLIST_KEY_UIApplicationSupportsIndirectInputEvents = YES;
				INFOPLIST_KEY_UILaunchStoryboardName = LaunchScreen;
				INFOPLIST_KEY_UIMainStoryboardFile = Main;
				INFOPLIST_KEY_UISupportedInterfaceOrientations_iPad = "UIInterfaceOrientationPortrait UIInterfaceOrientationPortraitUpsideDown UIInterfaceOrientationLandscapeLeft UIInterfaceOrientationLandscapeRight";
				INFOPLIST_KEY_UISupportedInterfaceOrientations_iPhone = "UIInterfaceOrientationPortrait UIInterfaceOrientationLandscapeLeft UIInterfaceOrientationLandscapeRight";
				LD_RUNPATH_SEARCH_PATHS = (
					"$(inherited)",
					"@executable_path/Frameworks",
				);
				MARKETING_VERSION = 1.0;
				PRODUCT_BUNDLE_IDENTIFIER = "com.ryutenu.UIPageViewController-Demo";
				PRODUCT_NAME = "$(TARGET_NAME)";
				SWIFT_EMIT_LOC_STRINGS = YES;
				SWIFT_VERSION = 5.0;
				TARGETED_DEVICE_FAMILY = "1,2";
			};
			name = Release;
		};
/* End XCBuildConfiguration section */

/* Begin XCConfigurationList section */
		E723DB13276E1CD100FBF3CB /* Build configuration list for PBXProject "UIPageViewController-Demo" */ = {
			isa = XCConfigurationList;
			buildConfigurations = (
				E723DB2A276E1CD200FBF3CB /* Debug */,
				E723DB2B276E1CD200FBF3CB /* Release */,
			);
			defaultConfigurationIsVisible = 0;
			defaultConfigurationName = Release;
		};
		E723DB2C276E1CD200FBF3CB /* Build configuration list for PBXNativeTarget "UIPageViewController-Demo" */ = {
			isa = XCConfigurationList;
			buildConfigurations = (
				E723DB2D276E1CD200FBF3CB /* Debug */,
				E723DB2E276E1CD200FBF3CB /* Release */,
			);
			defaultConfigurationIsVisible = 0;
			defaultConfigurationName = Release;
		};
/* End XCConfigurationList section */
	};
	rootObject = E723DB10276E1CD100FBF3CB /* Project object */;
}
